# This file is automatically @generated by Cargo.
# It is not intended for manual editing.
[[package]]
name = "aliasopts"
version = "0.1.0"

[[package]]
name = "list_directories"
version = "0.1.0"
dependencies = [
 "aliasopts 0.1.0",
 "path 0.1.0",
 "search_files 0.1.0",
]

[[package]]
name = "path"
version = "0.1.0"

[[package]]
name = "search_files"
version = "0.1.0"
dependencies = [
 "path 0.1.0",
]

